// !$*UTF8*$!
{
	archiveVersion = 1;
	classes = {
	};
	objectVersion = 56;
	objects = {

/* Begin PBXBuildFile section */
		565349C02B35AFE7001B6A45 /* Localizable.xcstrings in Resources */ = {isa = PBXBuildFile; fileRef = 565349BF2B35AFE7001B6A45 /* Localizable.xcstrings */; };
		565349C52B35C224001B6A45 /* FactorialIterationViewModel.swift in Sources */ = {isa = PBXBuildFile; fileRef = 565349C42B35C224001B6A45 /* FactorialIterationViewModel.swift */; };
		565349CB2B35C722001B6A45 /* FactorialRecursionView.swift in Sources */ = {isa = PBXBuildFile; fileRef = 565349CA2B35C722001B6A45 /* FactorialRecursionView.swift */; };
		565349CD2B35C756001B6A45 /* FactorialRecursionViewModel.swift in Sources */ = {isa = PBXBuildFile; fileRef = 565349CC2B35C756001B6A45 /* FactorialRecursionViewModel.swift */; };
		56674B132B38074800548035 /* FibonacciView.swift in Sources */ = {isa = PBXBuildFile; fileRef = 56674B122B38074800548035 /* FibonacciView.swift */; };
		56674B152B38075800548035 /* FibonacciViewModel.swift in Sources */ = {isa = PBXBuildFile; fileRef = 56674B142B38075800548035 /* FibonacciViewModel.swift */; };
		568E51122B3535CB00FFAD03 /* Algorithms_SwiftUI_Combine_SwiftApp.swift in Sources */ = {isa = PBXBuildFile; fileRef = 568E51112B3535CB00FFAD03 /* Algorithms_SwiftUI_Combine_SwiftApp.swift */; };
		568E51142B3535CB00FFAD03 /* ContentView.swift in Sources */ = {isa = PBXBuildFile; fileRef = 568E51132B3535CB00FFAD03 /* ContentView.swift */; };
		568E51162B3535CD00FFAD03 /* Assets.xcassets in Resources */ = {isa = PBXBuildFile; fileRef = 568E51152B3535CD00FFAD03 /* Assets.xcassets */; };
		568E51192B3535CD00FFAD03 /* Preview Assets.xcassets in Resources */ = {isa = PBXBuildFile; fileRef = 568E51182B3535CD00FFAD03 /* Preview Assets.xcassets */; };
		568E51232B3535CD00FFAD03 /* Algorithms_SwiftUI_Combine_SwiftTests.swift in Sources */ = {isa = PBXBuildFile; fileRef = 568E51222B3535CD00FFAD03 /* Algorithms_SwiftUI_Combine_SwiftTests.swift */; };
		568E512D2B3535CD00FFAD03 /* Algorithms_SwiftUI_Combine_SwiftUITests.swift in Sources */ = {isa = PBXBuildFile; fileRef = 568E512C2B3535CD00FFAD03 /* Algorithms_SwiftUI_Combine_SwiftUITests.swift */; };
		568E512F2B3535CD00FFAD03 /* Algorithms_SwiftUI_Combine_SwiftUITestsLaunchTests.swift in Sources */ = {isa = PBXBuildFile; fileRef = 568E512E2B3535CD00FFAD03 /* Algorithms_SwiftUI_Combine_SwiftUITestsLaunchTests.swift */; };
		568E51792B3550D300FFAD03 /* ListAlgorithmsView.swift in Sources */ = {isa = PBXBuildFile; fileRef = 568E51782B3550D300FFAD03 /* ListAlgorithmsView.swift */; };
		568E517B2B35522700FFAD03 /* DataModel.swift in Sources */ = {isa = PBXBuildFile; fileRef = 568E517A2B35522700FFAD03 /* DataModel.swift */; };
		568E517E2B3558A700FFAD03 /* FactorialIterationView.swift in Sources */ = {isa = PBXBuildFile; fileRef = 568E517D2B3558A700FFAD03 /* FactorialIterationView.swift */; };
		56A0B61F2B3A3868000FF4D0 /* PalindromesView.swift in Sources */ = {isa = PBXBuildFile; fileRef = 56A0B61E2B3A3868000FF4D0 /* PalindromesView.swift */; };
		56A0B6212B3A38BB000FF4D0 /* PalindromesViewModel.swift in Sources */ = {isa = PBXBuildFile; fileRef = 56A0B6202B3A38BB000FF4D0 /* PalindromesViewModel.swift */; };
		56B996032B38218900438BE4 /* BinarySearchView.swift in Sources */ = {isa = PBXBuildFile; fileRef = 56B996022B38218900438BE4 /* BinarySearchView.swift */; };
		56B996052B3821AD00438BE4 /* BinarySearchViewModel.swift in Sources */ = {isa = PBXBuildFile; fileRef = 56B996042B3821AD00438BE4 /* BinarySearchViewModel.swift */; };
		56BC9F192B36C028007C6442 /* Algorithm.swift in Sources */ = {isa = PBXBuildFile; fileRef = 56BC9F182B36C028007C6442 /* Algorithm.swift */; };
		56BC9F1B2B36C1D9007C6442 /* ListAlgorithmsRow.swift in Sources */ = {isa = PBXBuildFile; fileRef = 56BC9F1A2B36C1D9007C6442 /* ListAlgorithmsRow.swift */; };
		56F6E4B72B3A263A0070A10A /* PalindromeUsingArrayView.swift in Sources */ = {isa = PBXBuildFile; fileRef = 56F6E4B62B3A263A0070A10A /* PalindromeUsingArrayView.swift */; };
		56F6E4B92B3A265D0070A10A /* PalindromeUsingArrayViewModel.swift in Sources */ = {isa = PBXBuildFile; fileRef = 56F6E4B82B3A265D0070A10A /* PalindromeUsingArrayViewModel.swift */; };
		56F6E4BC2B3A2A0B0070A10A /* PalindromeUsingStringView.swift in Sources */ = {isa = PBXBuildFile; fileRef = 56F6E4BB2B3A2A0B0070A10A /* PalindromeUsingStringView.swift */; };
		56F6E4BE2B3A2D0E0070A10A /* PalindromeUsingStringViewModel.swift in Sources */ = {isa = PBXBuildFile; fileRef = 56F6E4BD2B3A2D0E0070A10A /* PalindromeUsingStringViewModel.swift */; };
		56F72B562B38844D00A04B7E /* ReverseStringSimpleView.swift in Sources */ = {isa = PBXBuildFile; fileRef = 56F72B4E2B38755600A04B7E /* ReverseStringSimpleView.swift */; };
		56F72B572B38845900A04B7E /* ReverseStringSimpleViewModel.swift in Sources */ = {isa = PBXBuildFile; fileRef = 56F72B502B38756500A04B7E /* ReverseStringSimpleViewModel.swift */; };
		56F72B582B38845D00A04B7E /* ReverseStringUsingArrayView.swift in Sources */ = {isa = PBXBuildFile; fileRef = 56F72B522B387F3500A04B7E /* ReverseStringUsingArrayView.swift */; };
		56F72B592B38846000A04B7E /* ReverseStringUsingArrayViewModel.swift in Sources */ = {isa = PBXBuildFile; fileRef = 56F72B542B387F4000A04B7E /* ReverseStringUsingArrayViewModel.swift */; };
/* End PBXBuildFile section */

/* Begin PBXContainerItemProxy section */
		568E511F2B3535CD00FFAD03 /* PBXContainerItemProxy */ = {
			isa = PBXContainerItemProxy;
			containerPortal = 568E51062B3535CB00FFAD03 /* Project object */;
			proxyType = 1;
			remoteGlobalIDString = 568E510D2B3535CB00FFAD03;
			remoteInfo = "Algorithms-SwiftUI-Combine-Swift";
		};
		568E51292B3535CD00FFAD03 /* PBXContainerItemProxy */ = {
			isa = PBXContainerItemProxy;
			containerPortal = 568E51062B3535CB00FFAD03 /* Project object */;
			proxyType = 1;
			remoteGlobalIDString = 568E510D2B3535CB00FFAD03;
			remoteInfo = "Algorithms-SwiftUI-Combine-Swift";
		};
/* End PBXContainerItemProxy section */

/* Begin PBXFileReference section */
		565349BF2B35AFE7001B6A45 /* Localizable.xcstrings */ = {isa = PBXFileReference; lastKnownFileType = text.json.xcstrings; path = Localizable.xcstrings; sourceTree = "<group>"; };
		565349C42B35C224001B6A45 /* FactorialIterationViewModel.swift */ = {isa = PBXFileReference; lastKnownFileType = sourcecode.swift; path = FactorialIterationViewModel.swift; sourceTree = "<group>"; };
		565349CA2B35C722001B6A45 /* FactorialRecursionView.swift */ = {isa = PBXFileReference; lastKnownFileType = sourcecode.swift; path = FactorialRecursionView.swift; sourceTree = "<group>"; };
		565349CC2B35C756001B6A45 /* FactorialRecursionViewModel.swift */ = {isa = PBXFileReference; lastKnownFileType = sourcecode.swift; path = FactorialRecursionViewModel.swift; sourceTree = "<group>"; };
		56674B122B38074800548035 /* FibonacciView.swift */ = {isa = PBXFileReference; lastKnownFileType = sourcecode.swift; path = FibonacciView.swift; sourceTree = "<group>"; };
		56674B142B38075800548035 /* FibonacciViewModel.swift */ = {isa = PBXFileReference; lastKnownFileType = sourcecode.swift; path = FibonacciViewModel.swift; sourceTree = "<group>"; };
		568E510E2B3535CB00FFAD03 /* Algorithms-SwiftUI-Combine-Swift.app */ = {isa = PBXFileReference; explicitFileType = wrapper.application; includeInIndex = 0; path = "Algorithms-SwiftUI-Combine-Swift.app"; sourceTree = BUILT_PRODUCTS_DIR; };
		568E51112B3535CB00FFAD03 /* Algorithms_SwiftUI_Combine_SwiftApp.swift */ = {isa = PBXFileReference; lastKnownFileType = sourcecode.swift; path = Algorithms_SwiftUI_Combine_SwiftApp.swift; sourceTree = "<group>"; };
		568E51132B3535CB00FFAD03 /* ContentView.swift */ = {isa = PBXFileReference; lastKnownFileType = sourcecode.swift; path = ContentView.swift; sourceTree = "<group>"; };
		568E51152B3535CD00FFAD03 /* Assets.xcassets */ = {isa = PBXFileReference; lastKnownFileType = folder.assetcatalog; path = Assets.xcassets; sourceTree = "<group>"; };
		568E51182B3535CD00FFAD03 /* Preview Assets.xcassets */ = {isa = PBXFileReference; lastKnownFileType = folder.assetcatalog; path = "Preview Assets.xcassets"; sourceTree = "<group>"; };
		568E511E2B3535CD00FFAD03 /* Algorithms-SwiftUI-Combine-SwiftTests.xctest */ = {isa = PBXFileReference; explicitFileType = wrapper.cfbundle; includeInIndex = 0; path = "Algorithms-SwiftUI-Combine-SwiftTests.xctest"; sourceTree = BUILT_PRODUCTS_DIR; };
		568E51222B3535CD00FFAD03 /* Algorithms_SwiftUI_Combine_SwiftTests.swift */ = {isa = PBXFileReference; lastKnownFileType = sourcecode.swift; path = Algorithms_SwiftUI_Combine_SwiftTests.swift; sourceTree = "<group>"; };
		568E51282B3535CD00FFAD03 /* Algorithms-SwiftUI-Combine-SwiftUITests.xctest */ = {isa = PBXFileReference; explicitFileType = wrapper.cfbundle; includeInIndex = 0; path = "Algorithms-SwiftUI-Combine-SwiftUITests.xctest"; sourceTree = BUILT_PRODUCTS_DIR; };
		568E512C2B3535CD00FFAD03 /* Algorithms_SwiftUI_Combine_SwiftUITests.swift */ = {isa = PBXFileReference; lastKnownFileType = sourcecode.swift; path = Algorithms_SwiftUI_Combine_SwiftUITests.swift; sourceTree = "<group>"; };
		568E512E2B3535CD00FFAD03 /* Algorithms_SwiftUI_Combine_SwiftUITestsLaunchTests.swift */ = {isa = PBXFileReference; lastKnownFileType = sourcecode.swift; path = Algorithms_SwiftUI_Combine_SwiftUITestsLaunchTests.swift; sourceTree = "<group>"; };
		568E51782B3550D300FFAD03 /* ListAlgorithmsView.swift */ = {isa = PBXFileReference; lastKnownFileType = sourcecode.swift; path = ListAlgorithmsView.swift; sourceTree = "<group>"; };
		568E517A2B35522700FFAD03 /* DataModel.swift */ = {isa = PBXFileReference; lastKnownFileType = sourcecode.swift; path = DataModel.swift; sourceTree = "<group>"; };
		568E517D2B3558A700FFAD03 /* FactorialIterationView.swift */ = {isa = PBXFileReference; lastKnownFileType = sourcecode.swift; path = FactorialIterationView.swift; sourceTree = "<group>"; };
		56A0B61E2B3A3868000FF4D0 /* PalindromesView.swift */ = {isa = PBXFileReference; lastKnownFileType = sourcecode.swift; path = PalindromesView.swift; sourceTree = "<group>"; };
		56A0B6202B3A38BB000FF4D0 /* PalindromesViewModel.swift */ = {isa = PBXFileReference; lastKnownFileType = sourcecode.swift; path = PalindromesViewModel.swift; sourceTree = "<group>"; };
		56B996022B38218900438BE4 /* BinarySearchView.swift */ = {isa = PBXFileReference; lastKnownFileType = sourcecode.swift; path = BinarySearchView.swift; sourceTree = "<group>"; };
		56B996042B3821AD00438BE4 /* BinarySearchViewModel.swift */ = {isa = PBXFileReference; lastKnownFileType = sourcecode.swift; path = BinarySearchViewModel.swift; sourceTree = "<group>"; };
		56BC9F182B36C028007C6442 /* Algorithm.swift */ = {isa = PBXFileReference; lastKnownFileType = sourcecode.swift; path = Algorithm.swift; sourceTree = "<group>"; };
		56BC9F1A2B36C1D9007C6442 /* ListAlgorithmsRow.swift */ = {isa = PBXFileReference; lastKnownFileType = sourcecode.swift; path = ListAlgorithmsRow.swift; sourceTree = "<group>"; };
		56F6E4B62B3A263A0070A10A /* PalindromeUsingArrayView.swift */ = {isa = PBXFileReference; lastKnownFileType = sourcecode.swift; path = PalindromeUsingArrayView.swift; sourceTree = "<group>"; };
		56F6E4B82B3A265D0070A10A /* PalindromeUsingArrayViewModel.swift */ = {isa = PBXFileReference; lastKnownFileType = sourcecode.swift; path = PalindromeUsingArrayViewModel.swift; sourceTree = "<group>"; };
		56F6E4BB2B3A2A0B0070A10A /* PalindromeUsingStringView.swift */ = {isa = PBXFileReference; lastKnownFileType = sourcecode.swift; path = PalindromeUsingStringView.swift; sourceTree = "<group>"; };
		56F6E4BD2B3A2D0E0070A10A /* PalindromeUsingStringViewModel.swift */ = {isa = PBXFileReference; lastKnownFileType = sourcecode.swift; path = PalindromeUsingStringViewModel.swift; sourceTree = "<group>"; };
		56F72B4E2B38755600A04B7E /* ReverseStringSimpleView.swift */ = {isa = PBXFileReference; lastKnownFileType = sourcecode.swift; path = ReverseStringSimpleView.swift; sourceTree = "<group>"; };
		56F72B502B38756500A04B7E /* ReverseStringSimpleViewModel.swift */ = {isa = PBXFileReference; lastKnownFileType = sourcecode.swift; path = ReverseStringSimpleViewModel.swift; sourceTree = "<group>"; };
		56F72B522B387F3500A04B7E /* ReverseStringUsingArrayView.swift */ = {isa = PBXFileReference; lastKnownFileType = sourcecode.swift; path = ReverseStringUsingArrayView.swift; sourceTree = "<group>"; };
		56F72B542B387F4000A04B7E /* ReverseStringUsingArrayViewModel.swift */ = {isa = PBXFileReference; lastKnownFileType = sourcecode.swift; path = ReverseStringUsingArrayViewModel.swift; sourceTree = "<group>"; };
/* End PBXFileReference section */

/* Begin PBXFrameworksBuildPhase section */
		568E510B2B3535CB00FFAD03 /* Frameworks */ = {
			isa = PBXFrameworksBuildPhase;
			buildActionMask = 2147483647;
			files = (
			);
			runOnlyForDeploymentPostprocessing = 0;
		};
		568E511B2B3535CD00FFAD03 /* Frameworks */ = {
			isa = PBXFrameworksBuildPhase;
			buildActionMask = 2147483647;
			files = (
			);
			runOnlyForDeploymentPostprocessing = 0;
		};
		568E51252B3535CD00FFAD03 /* Frameworks */ = {
			isa = PBXFrameworksBuildPhase;
			buildActionMask = 2147483647;
			files = (
			);
			runOnlyForDeploymentPostprocessing = 0;
		};
/* End PBXFrameworksBuildPhase section */

/* Begin PBXGroup section */
		565349C32B35B521001B6A45 /* App */ = {
			isa = PBXGroup;
			children = (
				568E51112B3535CB00FFAD03 /* Algorithms_SwiftUI_Combine_SwiftApp.swift */,
				568E51132B3535CB00FFAD03 /* ContentView.swift */,
			);
			path = App;
			sourceTree = "<group>";
		};
		565349C62B35C234001B6A45 /* Factorial */ = {
			isa = PBXGroup;
			children = (
				565349C82B35C6B6001B6A45 /* Iteration */,
				565349C92B35C6C2001B6A45 /* Recursion */,
			);
			path = Factorial;
			sourceTree = "<group>";
		};
		565349C82B35C6B6001B6A45 /* Iteration */ = {
			isa = PBXGroup;
			children = (
				568E517D2B3558A700FFAD03 /* FactorialIterationView.swift */,
				565349C42B35C224001B6A45 /* FactorialIterationViewModel.swift */,
			);
			path = Iteration;
			sourceTree = "<group>";
		};
		565349C92B35C6C2001B6A45 /* Recursion */ = {
			isa = PBXGroup;
			children = (
				565349CA2B35C722001B6A45 /* FactorialRecursionView.swift */,
				565349CC2B35C756001B6A45 /* FactorialRecursionViewModel.swift */,
			);
			path = Recursion;
			sourceTree = "<group>";
		};
		56674B112B38072B00548035 /* Fibonacci */ = {
			isa = PBXGroup;
			children = (
				56674B122B38074800548035 /* FibonacciView.swift */,
				56674B142B38075800548035 /* FibonacciViewModel.swift */,
			);
			path = Fibonacci;
			sourceTree = "<group>";
		};
		568E51052B3535CB00FFAD03 = {
			isa = PBXGroup;
			children = (
				568E51102B3535CB00FFAD03 /* Algorithms-SwiftUI-Combine-Swift */,
				568E51212B3535CD00FFAD03 /* Algorithms-SwiftUI-Combine-SwiftTests */,
				568E512B2B3535CD00FFAD03 /* Algorithms-SwiftUI-Combine-SwiftUITests */,
				568E510F2B3535CB00FFAD03 /* Products */,
			);
			sourceTree = "<group>";
		};
		568E510F2B3535CB00FFAD03 /* Products */ = {
			isa = PBXGroup;
			children = (
				568E510E2B3535CB00FFAD03 /* Algorithms-SwiftUI-Combine-Swift.app */,
				568E511E2B3535CD00FFAD03 /* Algorithms-SwiftUI-Combine-SwiftTests.xctest */,
				568E51282B3535CD00FFAD03 /* Algorithms-SwiftUI-Combine-SwiftUITests.xctest */,
			);
			name = Products;
			sourceTree = "<group>";
		};
		568E51102B3535CB00FFAD03 /* Algorithms-SwiftUI-Combine-Swift */ = {
			isa = PBXGroup;
			children = (
				565349C32B35B521001B6A45 /* App */,
				568E51772B3550AD00FFAD03 /* ListAlgorithms */,
				568E517C2B35588000FFAD03 /* Algorithms */,
				56BC9F172B36C007007C6442 /* Model */,
				568E51152B3535CD00FFAD03 /* Assets.xcassets */,
				565349BF2B35AFE7001B6A45 /* Localizable.xcstrings */,
				568E51172B3535CD00FFAD03 /* Preview Content */,
			);
			path = "Algorithms-SwiftUI-Combine-Swift";
			sourceTree = "<group>";
		};
		568E51172B3535CD00FFAD03 /* Preview Content */ = {
			isa = PBXGroup;
			children = (
				568E51182B3535CD00FFAD03 /* Preview Assets.xcassets */,
			);
			path = "Preview Content";
			sourceTree = "<group>";
		};
		568E51212B3535CD00FFAD03 /* Algorithms-SwiftUI-Combine-SwiftTests */ = {
			isa = PBXGroup;
			children = (
				568E51222B3535CD00FFAD03 /* Algorithms_SwiftUI_Combine_SwiftTests.swift */,
			);
			path = "Algorithms-SwiftUI-Combine-SwiftTests";
			sourceTree = "<group>";
		};
		568E512B2B3535CD00FFAD03 /* Algorithms-SwiftUI-Combine-SwiftUITests */ = {
			isa = PBXGroup;
			children = (
				568E512C2B3535CD00FFAD03 /* Algorithms_SwiftUI_Combine_SwiftUITests.swift */,
				568E512E2B3535CD00FFAD03 /* Algorithms_SwiftUI_Combine_SwiftUITestsLaunchTests.swift */,
			);
			path = "Algorithms-SwiftUI-Combine-SwiftUITests";
			sourceTree = "<group>";
		};
		568E51772B3550AD00FFAD03 /* ListAlgorithms */ = {
			isa = PBXGroup;
			children = (
				568E51782B3550D300FFAD03 /* ListAlgorithmsView.swift */,
			);
			path = ListAlgorithms;
			sourceTree = "<group>";
		};
		568E517C2B35588000FFAD03 /* Algorithms */ = {
			isa = PBXGroup;
			children = (
				565349C62B35C234001B6A45 /* Factorial */,
				56674B112B38072B00548035 /* Fibonacci */,
				56B996012B38214A00438BE4 /* BinarySearch */,
				56F72B4B2B38752D00A04B7E /* ReverseString */,
				56F6E4B42B3A259E0070A10A /* Palindrome */,
				56A0B61D2B3A384E000FF4D0 /* Palindromes */,
			);
			path = Algorithms;
			sourceTree = "<group>";
		};
		56A0B61D2B3A384E000FF4D0 /* Palindromes */ = {
			isa = PBXGroup;
			children = (
				56A0B61E2B3A3868000FF4D0 /* PalindromesView.swift */,
				56A0B6202B3A38BB000FF4D0 /* PalindromesViewModel.swift */,
			);
			path = Palindromes;
			sourceTree = "<group>";
		};
		56B996012B38214A00438BE4 /* BinarySearch */ = {
			isa = PBXGroup;
			children = (
				56B996022B38218900438BE4 /* BinarySearchView.swift */,
				56B996042B3821AD00438BE4 /* BinarySearchViewModel.swift */,
			);
			path = BinarySearch;
			sourceTree = "<group>";
		};
		56BC9F172B36C007007C6442 /* Model */ = {
			isa = PBXGroup;
			children = (
				56BC9F182B36C028007C6442 /* Algorithm.swift */,
				56BC9F1A2B36C1D9007C6442 /* ListAlgorithmsRow.swift */,
				568E517A2B35522700FFAD03 /* DataModel.swift */,
			);
			path = Model;
			sourceTree = "<group>";
		};
		56F6E4B42B3A259E0070A10A /* Palindrome */ = {
			isa = PBXGroup;
			children = (
				56F6E4B52B3A25AC0070A10A /* Using Array */,
				56F6E4BA2B3A28B10070A10A /* Using String */,
			);
			path = Palindrome;
			sourceTree = "<group>";
		};
		56F6E4B52B3A25AC0070A10A /* Using Array */ = {
			isa = PBXGroup;
			children = (
				56F6E4B62B3A263A0070A10A /* PalindromeUsingArrayView.swift */,
				56F6E4B82B3A265D0070A10A /* PalindromeUsingArrayViewModel.swift */,
			);
			path = "Using Array";
			sourceTree = "<group>";
		};
		56F6E4BA2B3A28B10070A10A /* Using String */ = {
			isa = PBXGroup;
			children = (
				56F6E4BB2B3A2A0B0070A10A /* PalindromeUsingStringView.swift */,
				56F6E4BD2B3A2D0E0070A10A /* PalindromeUsingStringViewModel.swift */,
			);
			path = "Using String";
			sourceTree = "<group>";
		};
		56F72B4B2B38752D00A04B7E /* ReverseString */ = {
			isa = PBXGroup;
			children = (
				56F72B4C2B38753800A04B7E /* Simple */,
				56F72B4D2B38753E00A04B7E /* UsingArray */,
			);
			path = ReverseString;
			sourceTree = "<group>";
		};
		56F72B4C2B38753800A04B7E /* Simple */ = {
			isa = PBXGroup;
			children = (
				56F72B4E2B38755600A04B7E /* ReverseStringSimpleView.swift */,
				56F72B502B38756500A04B7E /* ReverseStringSimpleViewModel.swift */,
			);
			path = Simple;
			sourceTree = "<group>";
		};
		56F72B4D2B38753E00A04B7E /* UsingArray */ = {
			isa = PBXGroup;
			children = (
				56F72B522B387F3500A04B7E /* ReverseStringUsingArrayView.swift */,
				56F72B542B387F4000A04B7E /* ReverseStringUsingArrayViewModel.swift */,
			);
			path = UsingArray;
			sourceTree = "<group>";
		};
/* End PBXGroup section */

/* Begin PBXNativeTarget section */
		568E510D2B3535CB00FFAD03 /* Algorithms-SwiftUI-Combine-Swift */ = {
			isa = PBXNativeTarget;
			buildConfigurationList = 568E51322B3535CD00FFAD03 /* Build configuration list for PBXNativeTarget "Algorithms-SwiftUI-Combine-Swift" */;
			buildPhases = (
				568E510A2B3535CB00FFAD03 /* Sources */,
				568E510B2B3535CB00FFAD03 /* Frameworks */,
				568E510C2B3535CB00FFAD03 /* Resources */,
			);
			buildRules = (
			);
			dependencies = (
			);
			name = "Algorithms-SwiftUI-Combine-Swift";
			productName = "Algorithms-SwiftUI-Combine-Swift";
			productReference = 568E510E2B3535CB00FFAD03 /* Algorithms-SwiftUI-Combine-Swift.app */;
			productType = "com.apple.product-type.application";
		};
		568E511D2B3535CD00FFAD03 /* Algorithms-SwiftUI-Combine-SwiftTests */ = {
			isa = PBXNativeTarget;
			buildConfigurationList = 568E51352B3535CD00FFAD03 /* Build configuration list for PBXNativeTarget "Algorithms-SwiftUI-Combine-SwiftTests" */;
			buildPhases = (
				568E511A2B3535CD00FFAD03 /* Sources */,
				568E511B2B3535CD00FFAD03 /* Frameworks */,
				568E511C2B3535CD00FFAD03 /* Resources */,
			);
			buildRules = (
			);
			dependencies = (
				568E51202B3535CD00FFAD03 /* PBXTargetDependency */,
			);
			name = "Algorithms-SwiftUI-Combine-SwiftTests";
			productName = "Algorithms-SwiftUI-Combine-SwiftTests";
			productReference = 568E511E2B3535CD00FFAD03 /* Algorithms-SwiftUI-Combine-SwiftTests.xctest */;
			productType = "com.apple.product-type.bundle.unit-test";
		};
		568E51272B3535CD00FFAD03 /* Algorithms-SwiftUI-Combine-SwiftUITests */ = {
			isa = PBXNativeTarget;
			buildConfigurationList = 568E51382B3535CD00FFAD03 /* Build configuration list for PBXNativeTarget "Algorithms-SwiftUI-Combine-SwiftUITests" */;
			buildPhases = (
				568E51242B3535CD00FFAD03 /* Sources */,
				568E51252B3535CD00FFAD03 /* Frameworks */,
				568E51262B3535CD00FFAD03 /* Resources */,
			);
			buildRules = (
			);
			dependencies = (
				568E512A2B3535CD00FFAD03 /* PBXTargetDependency */,
			);
			name = "Algorithms-SwiftUI-Combine-SwiftUITests";
			productName = "Algorithms-SwiftUI-Combine-SwiftUITests";
			productReference = 568E51282B3535CD00FFAD03 /* Algorithms-SwiftUI-Combine-SwiftUITests.xctest */;
			productType = "com.apple.product-type.bundle.ui-testing";
		};
/* End PBXNativeTarget section */

/* Begin PBXProject section */
		568E51062B3535CB00FFAD03 /* Project object */ = {
			isa = PBXProject;
			attributes = {
				BuildIndependentTargetsInParallel = 1;
				LastSwiftUpdateCheck = 1500;
				LastUpgradeCheck = 1500;
				TargetAttributes = {
					568E510D2B3535CB00FFAD03 = {
						CreatedOnToolsVersion = 15.0;
					};
					568E511D2B3535CD00FFAD03 = {
						CreatedOnToolsVersion = 15.0;
						TestTargetID = 568E510D2B3535CB00FFAD03;
					};
					568E51272B3535CD00FFAD03 = {
						CreatedOnToolsVersion = 15.0;
						TestTargetID = 568E510D2B3535CB00FFAD03;
					};
				};
			};
			buildConfigurationList = 568E51092B3535CB00FFAD03 /* Build configuration list for PBXProject "Algorithms-SwiftUI-Combine-Swift" */;
			compatibilityVersion = "Xcode 14.0";
			developmentRegion = en;
			hasScannedForEncodings = 0;
			knownRegions = (
				en,
				Base,
				fr,
			);
			mainGroup = 568E51052B3535CB00FFAD03;
			productRefGroup = 568E510F2B3535CB00FFAD03 /* Products */;
			projectDirPath = "";
			projectRoot = "";
			targets = (
				568E510D2B3535CB00FFAD03 /* Algorithms-SwiftUI-Combine-Swift */,
				568E511D2B3535CD00FFAD03 /* Algorithms-SwiftUI-Combine-SwiftTests */,
				568E51272B3535CD00FFAD03 /* Algorithms-SwiftUI-Combine-SwiftUITests */,
			);
		};
/* End PBXProject section */

/* Begin PBXResourcesBuildPhase section */
		568E510C2B3535CB00FFAD03 /* Resources */ = {
			isa = PBXResourcesBuildPhase;
			buildActionMask = 2147483647;
			files = (
				568E51192B3535CD00FFAD03 /* Preview Assets.xcassets in Resources */,
				568E51162B3535CD00FFAD03 /* Assets.xcassets in Resources */,
				565349C02B35AFE7001B6A45 /* Localizable.xcstrings in Resources */,
			);
			runOnlyForDeploymentPostprocessing = 0;
		};
		568E511C2B3535CD00FFAD03 /* Resources */ = {
			isa = PBXResourcesBuildPhase;
			buildActionMask = 2147483647;
			files = (
			);
			runOnlyForDeploymentPostprocessing = 0;
		};
		568E51262B3535CD00FFAD03 /* Resources */ = {
			isa = PBXResourcesBuildPhase;
			buildActionMask = 2147483647;
			files = (
			);
			runOnlyForDeploymentPostprocessing = 0;
		};
/* End PBXResourcesBuildPhase section */

/* Begin PBXSourcesBuildPhase section */
		568E510A2B3535CB00FFAD03 /* Sources */ = {
			isa = PBXSourcesBuildPhase;
			buildActionMask = 2147483647;
			files = (
				56F72B592B38846000A04B7E /* ReverseStringUsingArrayViewModel.swift in Sources */,
				56F72B582B38845D00A04B7E /* ReverseStringUsingArrayView.swift in Sources */,
				56F72B572B38845900A04B7E /* ReverseStringSimpleViewModel.swift in Sources */,
				56F72B562B38844D00A04B7E /* ReverseStringSimpleView.swift in Sources */,
				56BC9F1B2B36C1D9007C6442 /* ListAlgorithmsRow.swift in Sources */,
				56F6E4B72B3A263A0070A10A /* PalindromeUsingArrayView.swift in Sources */,
				56F6E4B92B3A265D0070A10A /* PalindromeUsingArrayViewModel.swift in Sources */,
				56A0B6212B3A38BB000FF4D0 /* PalindromesViewModel.swift in Sources */,
				56B996032B38218900438BE4 /* BinarySearchView.swift in Sources */,
				56674B152B38075800548035 /* FibonacciViewModel.swift in Sources */,
				568E51142B3535CB00FFAD03 /* ContentView.swift in Sources */,
				56BC9F192B36C028007C6442 /* Algorithm.swift in Sources */,
				565349CD2B35C756001B6A45 /* FactorialRecursionViewModel.swift in Sources */,
				565349CB2B35C722001B6A45 /* FactorialRecursionView.swift in Sources */,
				56F6E4BC2B3A2A0B0070A10A /* PalindromeUsingStringView.swift in Sources */,
				568E517B2B35522700FFAD03 /* DataModel.swift in Sources */,
				56A0B61F2B3A3868000FF4D0 /* PalindromesView.swift in Sources */,
				568E517E2B3558A700FFAD03 /* FactorialIterationView.swift in Sources */,
				568E51122B3535CB00FFAD03 /* Algorithms_SwiftUI_Combine_SwiftApp.swift in Sources */,
				565349C52B35C224001B6A45 /* FactorialIterationViewModel.swift in Sources */,
				56B996052B3821AD00438BE4 /* BinarySearchViewModel.swift in Sources */,
				56F6E4BE2B3A2D0E0070A10A /* PalindromeUsingStringViewModel.swift in Sources */,
				568E51792B3550D300FFAD03 /* ListAlgorithmsView.swift in Sources */,
				56674B132B38074800548035 /* FibonacciView.swift in Sources */,
			);
			runOnlyForDeploymentPostprocessing = 0;
		};
		568E511A2B3535CD00FFAD03 /* Sources */ = {
			isa = PBXSourcesBuildPhase;
			buildActionMask = 2147483647;
			files = (
				568E51232B3535CD00FFAD03 /* Algorithms_SwiftUI_Combine_SwiftTests.swift in Sources */,
			);
			runOnlyForDeploymentPostprocessing = 0;
		};
		568E51242B3535CD00FFAD03 /* Sources */ = {
			isa = PBXSourcesBuildPhase;
			buildActionMask = 2147483647;
			files = (
				568E512F2B3535CD00FFAD03 /* Algorithms_SwiftUI_Combine_SwiftUITestsLaunchTests.swift in Sources */,
				568E512D2B3535CD00FFAD03 /* Algorithms_SwiftUI_Combine_SwiftUITests.swift in Sources */,
			);
			runOnlyForDeploymentPostprocessing = 0;
		};
/* End PBXSourcesBuildPhase section */

/* Begin PBXTargetDependency section */
		568E51202B3535CD00FFAD03 /* PBXTargetDependency */ = {
			isa = PBXTargetDependency;
			target = 568E510D2B3535CB00FFAD03 /* Algorithms-SwiftUI-Combine-Swift */;
			targetProxy = 568E511F2B3535CD00FFAD03 /* PBXContainerItemProxy */;
		};
		568E512A2B3535CD00FFAD03 /* PBXTargetDependency */ = {
			isa = PBXTargetDependency;
			target = 568E510D2B3535CB00FFAD03 /* Algorithms-SwiftUI-Combine-Swift */;
			targetProxy = 568E51292B3535CD00FFAD03 /* PBXContainerItemProxy */;
		};
/* End PBXTargetDependency section */

/* Begin XCBuildConfiguration section */
		568E51302B3535CD00FFAD03 /* Debug */ = {
			isa = XCBuildConfiguration;
			buildSettings = {
				ALWAYS_SEARCH_USER_PATHS = NO;
				ASSETCATALOG_COMPILER_GENERATE_SWIFT_ASSET_SYMBOL_EXTENSIONS = YES;
				CLANG_ANALYZER_NONNULL = YES;
				CLANG_ANALYZER_NUMBER_OBJECT_CONVERSION = YES_AGGRESSIVE;
				CLANG_CXX_LANGUAGE_STANDARD = "gnu++20";
				CLANG_ENABLE_MODULES = YES;
				CLANG_ENABLE_OBJC_ARC = YES;
				CLANG_ENABLE_OBJC_WEAK = YES;
				CLANG_WARN_BLOCK_CAPTURE_AUTORELEASING = YES;
				CLANG_WARN_BOOL_CONVERSION = YES;
				CLANG_WARN_COMMA = YES;
				CLANG_WARN_CONSTANT_CONVERSION = YES;
				CLANG_WARN_DEPRECATED_OBJC_IMPLEMENTATIONS = YES;
				CLANG_WARN_DIRECT_OBJC_ISA_USAGE = YES_ERROR;
				CLANG_WARN_DOCUMENTATION_COMMENTS = YES;
				CLANG_WARN_EMPTY_BODY = YES;
				CLANG_WARN_ENUM_CONVERSION = YES;
				CLANG_WARN_INFINITE_RECURSION = YES;
				CLANG_WARN_INT_CONVERSION = YES;
				CLANG_WARN_NON_LITERAL_NULL_CONVERSION = YES;
				CLANG_WARN_OBJC_IMPLICIT_RETAIN_SELF = YES;
				CLANG_WARN_OBJC_LITERAL_CONVERSION = YES;
				CLANG_WARN_OBJC_ROOT_CLASS = YES_ERROR;
				CLANG_WARN_QUOTED_INCLUDE_IN_FRAMEWORK_HEADER = YES;
				CLANG_WARN_RANGE_LOOP_ANALYSIS = YES;
				CLANG_WARN_STRICT_PROTOTYPES = YES;
				CLANG_WARN_SUSPICIOUS_MOVE = YES;
				CLANG_WARN_UNGUARDED_AVAILABILITY = YES_AGGRESSIVE;
				CLANG_WARN_UNREACHABLE_CODE = YES;
				CLANG_WARN__DUPLICATE_METHOD_MATCH = YES;
				COPY_PHASE_STRIP = NO;
				DEBUG_INFORMATION_FORMAT = dwarf;
				ENABLE_STRICT_OBJC_MSGSEND = YES;
				ENABLE_TESTABILITY = YES;
				ENABLE_USER_SCRIPT_SANDBOXING = YES;
				GCC_C_LANGUAGE_STANDARD = gnu17;
				GCC_DYNAMIC_NO_PIC = NO;
				GCC_NO_COMMON_BLOCKS = YES;
				GCC_OPTIMIZATION_LEVEL = 0;
				GCC_PREPROCESSOR_DEFINITIONS = (
					"DEBUG=1",
					"$(inherited)",
				);
				GCC_WARN_64_TO_32_BIT_CONVERSION = YES;
				GCC_WARN_ABOUT_RETURN_TYPE = YES_ERROR;
				GCC_WARN_UNDECLARED_SELECTOR = YES;
				GCC_WARN_UNINITIALIZED_AUTOS = YES_AGGRESSIVE;
				GCC_WARN_UNUSED_FUNCTION = YES;
				GCC_WARN_UNUSED_VARIABLE = YES;
				IPHONEOS_DEPLOYMENT_TARGET = 17.0;
				LOCALIZATION_PREFERS_STRING_CATALOGS = YES;
				MTL_ENABLE_DEBUG_INFO = INCLUDE_SOURCE;
				MTL_FAST_MATH = YES;
				ONLY_ACTIVE_ARCH = YES;
				SDKROOT = iphoneos;
				SWIFT_ACTIVE_COMPILATION_CONDITIONS = "DEBUG $(inherited)";
				SWIFT_OPTIMIZATION_LEVEL = "-Onone";
			};
			name = Debug;
		};
		568E51312B3535CD00FFAD03 /* Release */ = {
			isa = XCBuildConfiguration;
			buildSettings = {
				ALWAYS_SEARCH_USER_PATHS = NO;
				ASSETCATALOG_COMPILER_GENERATE_SWIFT_ASSET_SYMBOL_EXTENSIONS = YES;
				CLANG_ANALYZER_NONNULL = YES;
				CLANG_ANALYZER_NUMBER_OBJECT_CONVERSION = YES_AGGRESSIVE;
				CLANG_CXX_LANGUAGE_STANDARD = "gnu++20";
				CLANG_ENABLE_MODULES = YES;
				CLANG_ENABLE_OBJC_ARC = YES;
				CLANG_ENABLE_OBJC_WEAK = YES;
				CLANG_WARN_BLOCK_CAPTURE_AUTORELEASING = YES;
				CLANG_WARN_BOOL_CONVERSION = YES;
				CLANG_WARN_COMMA = YES;
				CLANG_WARN_CONSTANT_CONVERSION = YES;
				CLANG_WARN_DEPRECATED_OBJC_IMPLEMENTATIONS = YES;
				CLANG_WARN_DIRECT_OBJC_ISA_USAGE = YES_ERROR;
				CLANG_WARN_DOCUMENTATION_COMMENTS = YES;
				CLANG_WARN_EMPTY_BODY = YES;
				CLANG_WARN_ENUM_CONVERSION = YES;
				CLANG_WARN_INFINITE_RECURSION = YES;
				CLANG_WARN_INT_CONVERSION = YES;
				CLANG_WARN_NON_LITERAL_NULL_CONVERSION = YES;
				CLANG_WARN_OBJC_IMPLICIT_RETAIN_SELF = YES;
				CLANG_WARN_OBJC_LITERAL_CONVERSION = YES;
				CLANG_WARN_OBJC_ROOT_CLASS = YES_ERROR;
				CLANG_WARN_QUOTED_INCLUDE_IN_FRAMEWORK_HEADER = YES;
				CLANG_WARN_RANGE_LOOP_ANALYSIS = YES;
				CLANG_WARN_STRICT_PROTOTYPES = YES;
				CLANG_WARN_SUSPICIOUS_MOVE = YES;
				CLANG_WARN_UNGUARDED_AVAILABILITY = YES_AGGRESSIVE;
				CLANG_WARN_UNREACHABLE_CODE = YES;
				CLANG_WARN__DUPLICATE_METHOD_MATCH = YES;
				COPY_PHASE_STRIP = NO;
				DEBUG_INFORMATION_FORMAT = "dwarf-with-dsym";
				ENABLE_NS_ASSERTIONS = NO;
				ENABLE_STRICT_OBJC_MSGSEND = YES;
				ENABLE_USER_SCRIPT_SANDBOXING = YES;
				GCC_C_LANGUAGE_STANDARD = gnu17;
				GCC_NO_COMMON_BLOCKS = YES;
				GCC_WARN_64_TO_32_BIT_CONVERSION = YES;
				GCC_WARN_ABOUT_RETURN_TYPE = YES_ERROR;
				GCC_WARN_UNDECLARED_SELECTOR = YES;
				GCC_WARN_UNINITIALIZED_AUTOS = YES_AGGRESSIVE;
				GCC_WARN_UNUSED_FUNCTION = YES;
				GCC_WARN_UNUSED_VARIABLE = YES;
				IPHONEOS_DEPLOYMENT_TARGET = 17.0;
				LOCALIZATION_PREFERS_STRING_CATALOGS = YES;
				MTL_ENABLE_DEBUG_INFO = NO;
				MTL_FAST_MATH = YES;
				SDKROOT = iphoneos;
				SWIFT_COMPILATION_MODE = wholemodule;
				VALIDATE_PRODUCT = YES;
			};
			name = Release;
		};
		568E51332B3535CD00FFAD03 /* Debug */ = {
			isa = XCBuildConfiguration;
			buildSettings = {
				ASSETCATALOG_COMPILER_APPICON_NAME = AppIcon;
				ASSETCATALOG_COMPILER_GLOBAL_ACCENT_COLOR_NAME = AccentColor;
				CODE_SIGN_STYLE = Automatic;
				CURRENT_PROJECT_VERSION = 1;
				DEVELOPMENT_ASSET_PATHS = "\"Algorithms-SwiftUI-Combine-Swift/Preview Content\"";
				DEVELOPMENT_TEAM = NL2F6STRPK;
				ENABLE_PREVIEWS = YES;
				GENERATE_INFOPLIST_FILE = YES;
				INFOPLIST_KEY_UIApplicationSceneManifest_Generation = YES;
				INFOPLIST_KEY_UIApplicationSupportsIndirectInputEvents = YES;
				INFOPLIST_KEY_UILaunchScreen_Generation = YES;
				INFOPLIST_KEY_UISupportedInterfaceOrientations_iPad = "UIInterfaceOrientationPortrait UIInterfaceOrientationPortraitUpsideDown UIInterfaceOrientationLandscapeLeft UIInterfaceOrientationLandscapeRight";
				INFOPLIST_KEY_UISupportedInterfaceOrientations_iPhone = "UIInterfaceOrientationPortrait UIInterfaceOrientationLandscapeLeft UIInterfaceOrientationLandscapeRight";
				LD_RUNPATH_SEARCH_PATHS = (
					"$(inherited)",
					"@executable_path/Frameworks",
				);
				MARKETING_VERSION = 1.0;
				PRODUCT_BUNDLE_IDENTIFIER = "com.allinson.Algorithms-SwiftUI-Combine-Swift";
				PRODUCT_NAME = "$(TARGET_NAME)";
				SWIFT_EMIT_LOC_STRINGS = YES;
				SWIFT_VERSION = 5.0;
				TARGETED_DEVICE_FAMILY = "1,2";
			};
			name = Debug;
		};
		568E51342B3535CD00FFAD03 /* Release */ = {
			isa = XCBuildConfiguration;
			buildSettings = {
				ASSETCATALOG_COMPILER_APPICON_NAME = AppIcon;
				ASSETCATALOG_COMPILER_GLOBAL_ACCENT_COLOR_NAME = AccentColor;
				CODE_SIGN_STYLE = Automatic;
				CURRENT_PROJECT_VERSION = 1;
				DEVELOPMENT_ASSET_PATHS = "\"Algorithms-SwiftUI-Combine-Swift/Preview Content\"";
				DEVELOPMENT_TEAM = NL2F6STRPK;
				ENABLE_PREVIEWS = YES;
				GENERATE_INFOPLIST_FILE = YES;
				INFOPLIST_KEY_UIApplicationSceneManifest_Generation = YES;
				INFOPLIST_KEY_UIApplicationSupportsIndirectInputEvents = YES;
				INFOPLIST_KEY_UILaunchScreen_Generation = YES;
				INFOPLIST_KEY_UISupportedInterfaceOrientations_iPad = "UIInterfaceOrientationPortrait UIInterfaceOrientationPortraitUpsideDown UIInterfaceOrientationLandscapeLeft UIInterfaceOrientationLandscapeRight";
				INFOPLIST_KEY_UISupportedInterfaceOrientations_iPhone = "UIInterfaceOrientationPortrait UIInterfaceOrientationLandscapeLeft UIInterfaceOrientationLandscapeRight";
				LD_RUNPATH_SEARCH_PATHS = (
					"$(inherited)",
					"@executable_path/Frameworks",
				);
				MARKETING_VERSION = 1.0;
				PRODUCT_BUNDLE_IDENTIFIER = "com.allinson.Algorithms-SwiftUI-Combine-Swift";
				PRODUCT_NAME = "$(TARGET_NAME)";
				SWIFT_EMIT_LOC_STRINGS = YES;
				SWIFT_VERSION = 5.0;
				TARGETED_DEVICE_FAMILY = "1,2";
			};
			name = Release;
		};
		568E51362B3535CD00FFAD03 /* Debug */ = {
			isa = XCBuildConfiguration;
			buildSettings = {
				ALWAYS_EMBED_SWIFT_STANDARD_LIBRARIES = YES;
				BUNDLE_LOADER = "$(TEST_HOST)";
				CODE_SIGN_STYLE = Automatic;
				CURRENT_PROJECT_VERSION = 1;
				DEVELOPMENT_TEAM = NL2F6STRPK;
				GENERATE_INFOPLIST_FILE = YES;
				IPHONEOS_DEPLOYMENT_TARGET = 17.0;
				MARKETING_VERSION = 1.0;
				PRODUCT_BUNDLE_IDENTIFIER = "com.allinson.Algorithms-SwiftUI-Combine-SwiftTests";
				PRODUCT_NAME = "$(TARGET_NAME)";
				SWIFT_EMIT_LOC_STRINGS = NO;
				SWIFT_VERSION = 5.0;
				TARGETED_DEVICE_FAMILY = "1,2";
				TEST_HOST = "$(BUILT_PRODUCTS_DIR)/Algorithms-SwiftUI-Combine-Swift.app/$(BUNDLE_EXECUTABLE_FOLDER_PATH)/Algorithms-SwiftUI-Combine-Swift";
			};
			name = Debug;
		};
		568E51372B3535CD00FFAD03 /* Release */ = {
			isa = XCBuildConfiguration;
			buildSettings = {
				ALWAYS_EMBED_SWIFT_STANDARD_LIBRARIES = YES;
				BUNDLE_LOADER = "$(TEST_HOST)";
				CODE_SIGN_STYLE = Automatic;
				CURRENT_PROJECT_VERSION = 1;
				DEVELOPMENT_TEAM = NL2F6STRPK;
				GENERATE_INFOPLIST_FILE = YES;
				IPHONEOS_DEPLOYMENT_TARGET = 17.0;
				MARKETING_VERSION = 1.0;
				PRODUCT_BUNDLE_IDENTIFIER = "com.allinson.Algorithms-SwiftUI-Combine-SwiftTests";
				PRODUCT_NAME = "$(TARGET_NAME)";
				SWIFT_EMIT_LOC_STRINGS = NO;
				SWIFT_VERSION = 5.0;
				TARGETED_DEVICE_FAMILY = "1,2";
				TEST_HOST = "$(BUILT_PRODUCTS_DIR)/Algorithms-SwiftUI-Combine-Swift.app/$(BUNDLE_EXECUTABLE_FOLDER_PATH)/Algorithms-SwiftUI-Combine-Swift";
			};
			name = Release;
		};
		568E51392B3535CD00FFAD03 /* Debug */ = {
			isa = XCBuildConfiguration;
			buildSettings = {
				ALWAYS_EMBED_SWIFT_STANDARD_LIBRARIES = YES;
				CODE_SIGN_STYLE = Automatic;
				CURRENT_PROJECT_VERSION = 1;
				DEVELOPMENT_TEAM = NL2F6STRPK;
				GENERATE_INFOPLIST_FILE = YES;
				MARKETING_VERSION = 1.0;
				PRODUCT_BUNDLE_IDENTIFIER = "com.allinson.Algorithms-SwiftUI-Combine-SwiftUITests";
				PRODUCT_NAME = "$(TARGET_NAME)";
				SWIFT_EMIT_LOC_STRINGS = NO;
				SWIFT_VERSION = 5.0;
				TARGETED_DEVICE_FAMILY = "1,2";
				TEST_TARGET_NAME = "Algorithms-SwiftUI-Combine-Swift";
			};
			name = Debug;
		};
		568E513A2B3535CD00FFAD03 /* Release */ = {
			isa = XCBuildConfiguration;
			buildSettings = {
				ALWAYS_EMBED_SWIFT_STANDARD_LIBRARIES = YES;
				CODE_SIGN_STYLE = Automatic;
				CURRENT_PROJECT_VERSION = 1;
				DEVELOPMENT_TEAM = NL2F6STRPK;
				GENERATE_INFOPLIST_FILE = YES;
				MARKETING_VERSION = 1.0;
				PRODUCT_BUNDLE_IDENTIFIER = "com.allinson.Algorithms-SwiftUI-Combine-SwiftUITests";
				PRODUCT_NAME = "$(TARGET_NAME)";
				SWIFT_EMIT_LOC_STRINGS = NO;
				SWIFT_VERSION = 5.0;
				TARGETED_DEVICE_FAMILY = "1,2";
				TEST_TARGET_NAME = "Algorithms-SwiftUI-Combine-Swift";
			};
			name = Release;
		};
/* End XCBuildConfiguration section */

/* Begin XCConfigurationList section */
		568E51092B3535CB00FFAD03 /* Build configuration list for PBXProject "Algorithms-SwiftUI-Combine-Swift" */ = {
			isa = XCConfigurationList;
			buildConfigurations = (
				568E51302B3535CD00FFAD03 /* Debug */,
				568E51312B3535CD00FFAD03 /* Release */,
			);
			defaultConfigurationIsVisible = 0;
			defaultConfigurationName = Release;
		};
		568E51322B3535CD00FFAD03 /* Build configuration list for PBXNativeTarget "Algorithms-SwiftUI-Combine-Swift" */ = {
			isa = XCConfigurationList;
			buildConfigurations = (
				568E51332B3535CD00FFAD03 /* Debug */,
				568E51342B3535CD00FFAD03 /* Release */,
			);
			defaultConfigurationIsVisible = 0;
			defaultConfigurationName = Release;
		};
		568E51352B3535CD00FFAD03 /* Build configuration list for PBXNativeTarget "Algorithms-SwiftUI-Combine-SwiftTests" */ = {
			isa = XCConfigurationList;
			buildConfigurations = (
				568E51362B3535CD00FFAD03 /* Debug */,
				568E51372B3535CD00FFAD03 /* Release */,
			);
			defaultConfigurationIsVisible = 0;
			defaultConfigurationName = Release;
		};
		568E51382B3535CD00FFAD03 /* Build configuration list for PBXNativeTarget "Algorithms-SwiftUI-Combine-SwiftUITests" */ = {
			isa = XCConfigurationList;
			buildConfigurations = (
				568E51392B3535CD00FFAD03 /* Debug */,
				568E513A2B3535CD00FFAD03 /* Release */,
			);
			defaultConfigurationIsVisible = 0;
			defaultConfigurationName = Release;
		};
/* End XCConfigurationList section */
	};
	rootObject = 568E51062B3535CB00FFAD03 /* Project object */;
}
